PODS:
  - Alamofire (4.7.2)
  - Realm (3.6.0):
    - Realm/Headers (= 3.6.0)
  - Realm/Headers (3.6.0)
  - RealmSwift (3.6.0):
    - Realm (= 3.6.0)
  - RxBluetoothKit (5.1.0):
    - RxSwift (~> 4.0)
  - RxCocoa (4.1.2):
    - RxSwift (~> 4.0)
  - RxSwift (4.1.2)
  - SnapKit (4.0.0)
  - SwiftyBeaver (1.6.0)

DEPENDENCIES:
  - Alamofire (= 4.7.2)
  - RealmSwift (= 3.6.0)
  - RxBluetoothKit
  - RxCocoa
  - RxSwift
  - SnapKit (= 4.0.0)
  - SwiftyBeaver (= 1.6.0)

SPEC REPOS:
  https://github.com/cocoapods/specs.git:
    - Alamofire
    - Realm
    - RealmSwift
    - RxBluetoothKit
    - RxCocoa
    - RxSwift
    - SnapKit
    - SwiftyBeaver

SPEC CHECKSUMS:
  Alamofire: e4fa87002c137ba2d8d634d2c51fabcda0d5c223
  Realm: 08b464b462d4f31bbd4ba5f5a1c8722ef0a700b7
  RealmSwift: 973e1499c44ab571f894c2c908e2db450be280c3
  RxBluetoothKit: a86ac599e8019f1392e86b3c0f147fd2b936df94
  RxCocoa: d88ba0f1f6abf040011a9eb4b539324fc426843a
  RxSwift: e49536837d9901277638493ea537394d4b55f570
  SnapKit: a42d492c16e80209130a3379f73596c3454b7694
  SwiftyBeaver: e45759613e50b522b0e6f53b1f0f14389b45ca34

PODFILE CHECKSUM: db3e3bb8bd7c77ade665ab325de40721c4a05064

COCOAPODS: 1.5.2
